
Microsoft Visual Studio Solution File, Format Version 12.00
# Visual Studio Version 16
VisualStudioVersion = 16.0.31410.357
MinimumVisualStudioVersion = 10.0.40219.1
Project("{2150E333-8FDC-42A3-9474-1A3956D46DE8}") = "Solution Items", "Solution Items", "{595273AF-2810-4A98-9A59-778BB3AED32E}"
	ProjectSection(SolutionItems) = preProject
		.editorconfig = .editorconfig
		..\cdk.json = ..\cdk.json
		..\delete-stack.ps1 = ..\delete-stack.ps1
		..\deploy-stack.ps1 = ..\deploy-stack.ps1
		..\Directory.Build.props = ..\Directory.Build.props
		..\publish.ps1 = ..\publish.ps1
	EndProjectSection
EndProject
Project("{9A19103F-16F7-4668-BE54-9A1E7A4F7556}") = "BLambda.Will", "BLambda.Will\BLambda.Will.csproj", "{D940B10E-F9F6-4BA5-A319-83761F157633}"
EndProject
Project("{2150E333-8FDC-42A3-9474-1A3956D46DE8}") = "doc", "doc", "{98A8DE46-0F51-4763-AC94-1465137EB3A7}"
	ProjectSection(SolutionItems) = preProject
		..\README.md = ..\README.md
	EndProjectSection
EndProject
Project("{9A19103F-16F7-4668-BE54-9A1E7A4F7556}") = "BLambda.Shall", "BLambda.Shall\BLambda.Shall.csproj", "{D26787ED-BFBF-4061-A42F-71C6E4059410}"
EndProject
Project("{9A19103F-16F7-4668-BE54-9A1E7A4F7556}") = "BLambda.HolaMundo", "BLambda.HolaMundo\BLambda.HolaMundo.csproj", "{C9E6288A-EE92-471C-8602-8578C7190F0B}"
EndProject
Project("{2150E333-8FDC-42A3-9474-1A3956D46DE8}") = "Shared", "Shared", "{0F7CF599-8CDF-4D92-9A00-D133148631FD}"
EndProject
Project("{D954291E-2A0B-460D-934E-DC6B0785DB48}") = "Ddd.Abstructions.Shared", "..\..\minimum\Ddd.Abstructions.Shared\Ddd.Abstructions.Shared.shproj", "{B562E115-CD7D-4127-AED6-E66BA3138F9A}"
EndProject
Project("{9A19103F-16F7-4668-BE54-9A1E7A4F7556}") = "BLambda.Provision", "Blambda.Provision\BLambda.Provision.csproj", "{2103CBDF-0961-43BF-B0EE-CA376C2794B8}"
EndProject
Project("{D954291E-2A0B-460D-934E-DC6B0785DB48}") = "Ddd.DynamoDb.Shared", "..\..\minimum\Ddd.DynamoDb.Shared\Ddd.DynamoDb.Shared.shproj", "{318C9AB5-7C50-4866-BFBE-1514BE644992}"
EndProject
Global
	GlobalSection(SharedMSBuildProjectFiles) = preSolution
		..\..\minimum\Ddd.DynamoDb.Shared\Ddd.DynamoDb.Shared.projitems*{318c9ab5-7c50-4866-bfbe-1514be644992}*SharedItemsImports = 13
		..\..\minimum\Ddd.Abstructions.Shared\Abstructions.Shared.projitems*{b562e115-cd7d-4127-aed6-e66ba3138f9a}*SharedItemsImports = 13
		..\..\minimum\Ddd.Abstructions.Shared\Abstructions.Shared.projitems*{c9e6288a-ee92-471c-8602-8578c7190f0b}*SharedItemsImports = 5
		..\..\minimum\Ddd.DynamoDb.Shared\Ddd.DynamoDb.Shared.projitems*{c9e6288a-ee92-471c-8602-8578c7190f0b}*SharedItemsImports = 5
		..\..\minimum\Ddd.Abstructions.Shared\Abstructions.Shared.projitems*{d940b10e-f9f6-4ba5-a319-83761f157633}*SharedItemsImports = 5
	EndGlobalSection
	GlobalSection(SolutionConfigurationPlatforms) = preSolution
		Debug|Any CPU = Debug|Any CPU
		Debug|x86 = Debug|x86
		Release|Any CPU = Release|Any CPU
		Release|x86 = Release|x86
	EndGlobalSection
	GlobalSection(ProjectConfigurationPlatforms) = postSolution
		{D940B10E-F9F6-4BA5-A319-83761F157633}.Debug|Any CPU.ActiveCfg = Debug|Any CPU
		{D940B10E-F9F6-4BA5-A319-83761F157633}.Debug|Any CPU.Build.0 = Debug|Any CPU
		{D940B10E-F9F6-4BA5-A319-83761F157633}.Debug|x86.ActiveCfg = Debug|Any CPU
		{D940B10E-F9F6-4BA5-A319-83761F157633}.Debug|x86.Build.0 = Debug|Any CPU
		{D940B10E-F9F6-4BA5-A319-83761F157633}.Release|Any CPU.ActiveCfg = Release|Any CPU
		{D940B10E-F9F6-4BA5-A319-83761F157633}.Release|Any CPU.Build.0 = Release|Any CPU
		{D940B10E-F9F6-4BA5-A319-83761F157633}.Release|x86.ActiveCfg = Release|Any CPU
		{D940B10E-F9F6-4BA5-A319-83761F157633}.Release|x86.Build.0 = Release|Any CPU
		{D26787ED-BFBF-4061-A42F-71C6E4059410}.Debug|Any CPU.ActiveCfg = Debug|Any CPU
		{D26787ED-BFBF-4061-A42F-71C6E4059410}.Debug|Any CPU.Build.0 = Debug|Any CPU
		{D26787ED-BFBF-4061-A42F-71C6E4059410}.Debug|x86.ActiveCfg = Debug|Any CPU
		{D26787ED-BFBF-4061-A42F-71C6E4059410}.Debug|x86.Build.0 = Debug|Any CPU
		{D26787ED-BFBF-4061-A42F-71C6E4059410}.Release|Any CPU.ActiveCfg = Release|Any CPU
		{D26787ED-BFBF-4061-A42F-71C6E4059410}.Release|Any CPU.Build.0 = Release|Any CPU
		{D26787ED-BFBF-4061-A42F-71C6E4059410}.Release|x86.ActiveCfg = Release|Any CPU
		{D26787ED-BFBF-4061-A42F-71C6E4059410}.Release|x86.Build.0 = Release|Any CPU
		{C9E6288A-EE92-471C-8602-8578C7190F0B}.Debug|Any CPU.ActiveCfg = Debug|Any CPU
		{C9E6288A-EE92-471C-8602-8578C7190F0B}.Debug|Any CPU.Build.0 = Debug|Any CPU
		{C9E6288A-EE92-471C-8602-8578C7190F0B}.Debug|x86.ActiveCfg = Debug|Any CPU
		{C9E6288A-EE92-471C-8602-8578C7190F0B}.Debug|x86.Build.0 = Debug|Any CPU
		{C9E6288A-EE92-471C-8602-8578C7190F0B}.Release|Any CPU.ActiveCfg = Release|Any CPU
		{C9E6288A-EE92-471C-8602-8578C7190F0B}.Release|Any CPU.Build.0 = Release|Any CPU
		{C9E6288A-EE92-471C-8602-8578C7190F0B}.Release|x86.ActiveCfg = Release|Any CPU
		{C9E6288A-EE92-471C-8602-8578C7190F0B}.Release|x86.Build.0 = Release|Any CPU
		{2103CBDF-0961-43BF-B0EE-CA376C2794B8}.Debug|Any CPU.ActiveCfg = Debug|Any CPU
		{2103CBDF-0961-43BF-B0EE-CA376C2794B8}.Debug|Any CPU.Build.0 = Debug|Any CPU
		{2103CBDF-0961-43BF-B0EE-CA376C2794B8}.Debug|x86.ActiveCfg = Debug|Any CPU
		{2103CBDF-0961-43BF-B0EE-CA376C2794B8}.Debug|x86.Build.0 = Debug|Any CPU
		{2103CBDF-0961-43BF-B0EE-CA376C2794B8}.Release|Any CPU.ActiveCfg = Release|Any CPU
		{2103CBDF-0961-43BF-B0EE-CA376C2794B8}.Release|Any CPU.Build.0 = Release|Any CPU
		{2103CBDF-0961-43BF-B0EE-CA376C2794B8}.Release|x86.ActiveCfg = Release|Any CPU
		{2103CBDF-0961-43BF-B0EE-CA376C2794B8}.Release|x86.Build.0 = Release|Any CPU
	EndGlobalSection
	GlobalSection(SolutionProperties) = preSolution
		HideSolutionNode = FALSE
	EndGlobalSection
	GlobalSection(NestedProjects) = preSolution
		{B562E115-CD7D-4127-AED6-E66BA3138F9A} = {0F7CF599-8CDF-4D92-9A00-D133148631FD}
		{318C9AB5-7C50-4866-BFBE-1514BE644992} = {0F7CF599-8CDF-4D92-9A00-D133148631FD}
	EndGlobalSection
	GlobalSection(ExtensibilityGlobals) = postSolution
		SolutionGuid = {176CE588-1B16-4612-B4D5-25EA9E3D425A}
	EndGlobalSection
EndGlobal
